{
  "version": 4,
  "terraform_version": "1.9.8",
  "serial": 125,
  "lineage": "988b9e9c-c6f4-82b0-8414-d5436864348f",
  "outputs": {},
  "resources": [
    {
      "mode": "managed",
      "type": "aws_ecr_repository",
      "name": "services",
      "provider": "provider[\"registry.terraform.io/hashicorp/aws\"]",
      "instances": [
        {
          "index_key": "api",
          "schema_version": 0,
          "attributes": {
            "arn": "arn:aws:ecr:ap-southeast-2:060367163877:repository/aus-fin-agent-api",
            "encryption_configuration": [
              {
                "encryption_type": "AES256",
                "kms_key": ""
              }
            ],
            "force_delete": false,
            "id": "aus-fin-agent-api",
            "image_scanning_configuration": [
              {
                "scan_on_push": true
              }
            ],
            "image_tag_mutability": "MUTABLE",
            "name": "aus-fin-agent-api",
            "registry_id": "060367163877",
            "repository_url": "060367163877.dkr.ecr.ap-southeast-2.amazonaws.com/aus-fin-agent-api",
            "tags": {
              "Environment": "dev",
              "ManagedBy": "terraform",
              "Owner": "platform",
              "Project": "aus-fin-agent",
              "Tier": "development"
            },
            "tags_all": {
              "Environment": "dev",
              "ManagedBy": "terraform",
              "Owner": "platform",
              "Project": "aus-fin-agent",
              "Tier": "development"
            },
            "timeouts": null
          },
          "sensitive_attributes": [],
          "private": "eyJlMmJmYjczMC1lY2FhLTExZTYtOGY4OC0zNDM2M2JjN2M0YzAiOnsiZGVsZXRlIjoxMjAwMDAwMDAwMDAwfX0="
        },
        {
          "index_key": "web",
          "schema_version": 0,
          "attributes": {
            "arn": "arn:aws:ecr:ap-southeast-2:060367163877:repository/aus-fin-agent-web",
            "encryption_configuration": [
              {
                "encryption_type": "AES256",
                "kms_key": ""
              }
            ],
            "force_delete": false,
            "id": "aus-fin-agent-web",
            "image_scanning_configuration": [
              {
                "scan_on_push": true
              }
            ],
            "image_tag_mutability": "MUTABLE",
            "name": "aus-fin-agent-web",
            "registry_id": "060367163877",
            "repository_url": "060367163877.dkr.ecr.ap-southeast-2.amazonaws.com/aus-fin-agent-web",
            "tags": {
              "Environment": "dev",
              "ManagedBy": "terraform",
              "Owner": "platform",
              "Project": "aus-fin-agent",
              "Tier": "development"
            },
            "tags_all": {
              "Environment": "dev",
              "ManagedBy": "terraform",
              "Owner": "platform",
              "Project": "aus-fin-agent",
              "Tier": "development"
            },
            "timeouts": null
          },
          "sensitive_attributes": [],
          "private": "eyJlMmJmYjczMC1lY2FhLTExZTYtOGY4OC0zNDM2M2JjN2M0YzAiOnsiZGVsZXRlIjoxMjAwMDAwMDAwMDAwfX0="
        },
        {
          "index_key": "worker",
          "schema_version": 0,
          "attributes": {
            "arn": "arn:aws:ecr:ap-southeast-2:060367163877:repository/aus-fin-agent-worker",
            "encryption_configuration": [
              {
                "encryption_type": "AES256",
                "kms_key": ""
              }
            ],
            "force_delete": false,
            "id": "aus-fin-agent-worker",
            "image_scanning_configuration": [
              {
                "scan_on_push": true
              }
            ],
            "image_tag_mutability": "MUTABLE",
            "name": "aus-fin-agent-worker",
            "registry_id": "060367163877",
            "repository_url": "060367163877.dkr.ecr.ap-southeast-2.amazonaws.com/aus-fin-agent-worker",
            "tags": {
              "Environment": "dev",
              "ManagedBy": "terraform",
              "Owner": "platform",
              "Project": "aus-fin-agent",
              "Tier": "development"
            },
            "tags_all": {
              "Environment": "dev",
              "ManagedBy": "terraform",
              "Owner": "platform",
              "Project": "aus-fin-agent",
              "Tier": "development"
            },
            "timeouts": null
          },
          "sensitive_attributes": [],
          "private": "eyJlMmJmYjczMC1lY2FhLTExZTYtOGY4OC0zNDM2M2JjN2M0YzAiOnsiZGVsZXRlIjoxMjAwMDAwMDAwMDAwfX0="
        }
      ]
    }
  ],
  "check_results": null
}
